
Microsoft Visual Studio Solution File, Format Version 12.00
# Visual Studio Version 17
VisualStudioVersion = 17.8.34330.188
MinimumVisualStudioVersion = 10.0.40219.1
Project("{FAE04EC0-301F-11D3-BF4B-00C04F79EFBC}") = "WebAppComercial.Shared", "WebAppComercial.Shared.csproj", "{55E523A1-E1FB-423F-AA8F-93AEF2E9B3A4}"
EndProject
Global
	GlobalSection(SolutionConfigurationPlatforms) = preSolution
		Debug|Any CPU = Debug|Any CPU
		Release|Any CPU = Release|Any CPU
	EndGlobalSection
	GlobalSection(ProjectConfigurationPlatforms) = postSolution
		{55E523A1-E1FB-423F-AA8F-93AEF2E9B3A4}.Debug|Any CPU.ActiveCfg = Debug|Any CPU
		{55E523A1-E1FB-423F-AA8F-93AEF2E9B3A4}.Debug|Any CPU.Build.0 = Debug|Any CPU
		{55E523A1-E1FB-423F-AA8F-93AEF2E9B3A4}.Release|Any CPU.ActiveCfg = Release|Any CPU
		{55E523A1-E1FB-423F-AA8F-93AEF2E9B3A4}.Release|Any CPU.Build.0 = Release|Any CPU
	EndGlobalSection
	GlobalSection(SolutionProperties) = preSolution
		HideSolutionNode = FALSE
	EndGlobalSection
	GlobalSection(ExtensibilityGlobals) = postSolution
		SolutionGuid = {E72B1F0A-1FEC-440A-83F0-3DB954A21477}
	EndGlobalSection
EndGlobal
